github.com/JesseCoretta/go-objectid v0.0.6-alpha.0 h1:2WjaaZMnC5BEKckaBy0txCDSH7Np8QMTc8tIA8Ar3IA=
github.com/JesseCoretta/go-objectid v0.0.6-alpha.0/go.mod h1:dOPQhGxLieMBl4WF1gq0Z3yb3KppfNGV/XrPrudjyuw=
github.com/JesseCoretta/go-stackage v0.0.1-alpha.0 h1:+JVNPh+2zk+tKmkXcwQGu+8UznlARKZF5SNUXZXAnWQ=
github.com/JesseCoretta/go-stackage v0.0.1-alpha.0/go.mod h1:kfcMUggHyU8LQOldjir3KdXkZMeh1E/FWivmuPklZyQ=
